
Microsoft Visual Studio Solution File, Format Version 12.00
# Visual Studio Version 16
VisualStudioVersion = 16.0.31402.337
MinimumVisualStudioVersion = 10.0.40219.1
Project("{9A19103F-16F7-4668-BE54-9A1E7A4F7556}") = "AutomobileLibrary", "AutomobileLibrary\AutomobileLibrary.csproj", "{545A9E3E-BA4D-4428-A6F8-22353CF6E2F5}"
EndProject
Project("{9A19103F-16F7-4668-BE54-9A1E7A4F7556}") = "AutomobileWinformApp", "AutomobileWinformApp\AutomobileWinformApp.csproj", "{091EAB72-EF71-40B2-89CC-A6209EBBC0CC}"
EndProject
Project("{FAE04EC0-301F-11D3-BF4B-00C04F79EFBC}") = "Test", "Test\Test.csproj", "{5568AFC7-7B68-4C23-B353-D42944FA5D61}"
EndProject
Global
	GlobalSection(SolutionConfigurationPlatforms) = preSolution
		Debug|Any CPU = Debug|Any CPU
		Release|Any CPU = Release|Any CPU
	EndGlobalSection
	GlobalSection(ProjectConfigurationPlatforms) = postSolution
		{545A9E3E-BA4D-4428-A6F8-22353CF6E2F5}.Debug|Any CPU.ActiveCfg = Debug|Any CPU
		{545A9E3E-BA4D-4428-A6F8-22353CF6E2F5}.Debug|Any CPU.Build.0 = Debug|Any CPU
		{545A9E3E-BA4D-4428-A6F8-22353CF6E2F5}.Release|Any CPU.ActiveCfg = Release|Any CPU
		{545A9E3E-BA4D-4428-A6F8-22353CF6E2F5}.Release|Any CPU.Build.0 = Release|Any CPU
		{091EAB72-EF71-40B2-89CC-A6209EBBC0CC}.Debug|Any CPU.ActiveCfg = Debug|Any CPU
		{091EAB72-EF71-40B2-89CC-A6209EBBC0CC}.Debug|Any CPU.Build.0 = Debug|Any CPU
		{091EAB72-EF71-40B2-89CC-A6209EBBC0CC}.Release|Any CPU.ActiveCfg = Release|Any CPU
		{091EAB72-EF71-40B2-89CC-A6209EBBC0CC}.Release|Any CPU.Build.0 = Release|Any CPU
		{5568AFC7-7B68-4C23-B353-D42944FA5D61}.Debug|Any CPU.ActiveCfg = Debug|Any CPU
		{5568AFC7-7B68-4C23-B353-D42944FA5D61}.Debug|Any CPU.Build.0 = Debug|Any CPU
		{5568AFC7-7B68-4C23-B353-D42944FA5D61}.Release|Any CPU.ActiveCfg = Release|Any CPU
		{5568AFC7-7B68-4C23-B353-D42944FA5D61}.Release|Any CPU.Build.0 = Release|Any CPU
	EndGlobalSection
	GlobalSection(SolutionProperties) = preSolution
		HideSolutionNode = FALSE
	EndGlobalSection
	GlobalSection(ExtensibilityGlobals) = postSolution
		SolutionGuid = {7D562066-F891-4A50-97D4-B89DBED7118B}
	EndGlobalSection
EndGlobal
