
Microsoft Visual Studio Solution File, Format Version 12.00
# Visual Studio Version 16
VisualStudioVersion = 16.0.31229.75
MinimumVisualStudioVersion = 10.0.40219.1
Project("{FAE04EC0-301F-11D3-BF4B-00C04F79EFBC}") = "Collections", "Collections\Collections.csproj", "{E0BD597A-F24A-4FFF-BCE1-8F7D484752CA}"
EndProject
Global
	GlobalSection(SolutionConfigurationPlatforms) = preSolution
		Debug|Any CPU = Debug|Any CPU
		Release|Any CPU = Release|Any CPU
	EndGlobalSection
	GlobalSection(ProjectConfigurationPlatforms) = postSolution
		{E0BD597A-F24A-4FFF-BCE1-8F7D484752CA}.Debug|Any CPU.ActiveCfg = Debug|Any CPU
		{E0BD597A-F24A-4FFF-BCE1-8F7D484752CA}.Debug|Any CPU.Build.0 = Debug|Any CPU
		{E0BD597A-F24A-4FFF-BCE1-8F7D484752CA}.Release|Any CPU.ActiveCfg = Release|Any CPU
		{E0BD597A-F24A-4FFF-BCE1-8F7D484752CA}.Release|Any CPU.Build.0 = Release|Any CPU
	EndGlobalSection
	GlobalSection(SolutionProperties) = preSolution
		HideSolutionNode = FALSE
	EndGlobalSection
	GlobalSection(ExtensibilityGlobals) = postSolution
		SolutionGuid = {9D76F871-677C-416F-A665-078E1DD2B5E4}
	EndGlobalSection
EndGlobal
