
Microsoft Visual Studio Solution File, Format Version 12.00
# Visual Studio Version 16
VisualStudioVersion = 16.0.31229.75
MinimumVisualStudioVersion = 10.0.40219.1
Project("{FAE04EC0-301F-11D3-BF4B-00C04F79EFBC}") = "OOP", "OOP\OOP.csproj", "{A63F11FB-5A27-4099-935F-977A65677FE7}"
EndProject
Global
	GlobalSection(SolutionConfigurationPlatforms) = preSolution
		Debug|Any CPU = Debug|Any CPU
		Release|Any CPU = Release|Any CPU
	EndGlobalSection
	GlobalSection(ProjectConfigurationPlatforms) = postSolution
		{A63F11FB-5A27-4099-935F-977A65677FE7}.Debug|Any CPU.ActiveCfg = Debug|Any CPU
		{A63F11FB-5A27-4099-935F-977A65677FE7}.Debug|Any CPU.Build.0 = Debug|Any CPU
		{A63F11FB-5A27-4099-935F-977A65677FE7}.Release|Any CPU.ActiveCfg = Release|Any CPU
		{A63F11FB-5A27-4099-935F-977A65677FE7}.Release|Any CPU.Build.0 = Release|Any CPU
	EndGlobalSection
	GlobalSection(SolutionProperties) = preSolution
		HideSolutionNode = FALSE
	EndGlobalSection
	GlobalSection(ExtensibilityGlobals) = postSolution
		SolutionGuid = {D3ABB498-4BAD-4201-AC3A-BB3578CCAD43}
	EndGlobalSection
EndGlobal
