
Microsoft Visual Studio Solution File, Format Version 12.00
# Visual Studio Version 16
VisualStudioVersion = 16.0.31229.75
MinimumVisualStudioVersion = 10.0.40219.1
Project("{FAE04EC0-301F-11D3-BF4B-00C04F79EFBC}") = "LabEventDelegate", "LabEventDelegate\LabEventDelegate.csproj", "{E718C31B-E413-4A62-8497-15E4F0ABFBDE}"
EndProject
Global
	GlobalSection(SolutionConfigurationPlatforms) = preSolution
		Debug|Any CPU = Debug|Any CPU
		Release|Any CPU = Release|Any CPU
	EndGlobalSection
	GlobalSection(ProjectConfigurationPlatforms) = postSolution
		{E718C31B-E413-4A62-8497-15E4F0ABFBDE}.Debug|Any CPU.ActiveCfg = Debug|Any CPU
		{E718C31B-E413-4A62-8497-15E4F0ABFBDE}.Debug|Any CPU.Build.0 = Debug|Any CPU
		{E718C31B-E413-4A62-8497-15E4F0ABFBDE}.Release|Any CPU.ActiveCfg = Release|Any CPU
		{E718C31B-E413-4A62-8497-15E4F0ABFBDE}.Release|Any CPU.Build.0 = Release|Any CPU
	EndGlobalSection
	GlobalSection(SolutionProperties) = preSolution
		HideSolutionNode = FALSE
	EndGlobalSection
	GlobalSection(ExtensibilityGlobals) = postSolution
		SolutionGuid = {178E41BF-4467-4724-8A4E-129E2DAEFCA1}
	EndGlobalSection
EndGlobal
