
Microsoft Visual Studio Solution File, Format Version 12.00
# Visual Studio Version 16
VisualStudioVersion = 16.0.31402.337
MinimumVisualStudioVersion = 10.0.40219.1
Project("{9A19103F-16F7-4668-BE54-9A1E7A4F7556}") = "BusinessObjects", "BusinessObjects\BusinessObjects.csproj", "{097FDB04-3FBA-42BE-9ABD-BC5C36938887}"
EndProject
Project("{FAE04EC0-301F-11D3-BF4B-00C04F79EFBC}") = "DataAccess", "DataAccess\DataAccess.csproj", "{757B9276-0AAC-4305-BC21-67B8EB20BF8C}"
EndProject
Project("{FAE04EC0-301F-11D3-BF4B-00C04F79EFBC}") = "OnlyFundsWeb", "OnlyFundsWeb\OnlyFundsWeb.csproj", "{DCAD8688-8E2B-4638-887B-AE6892CCDA18}"
EndProject
Project("{FAE04EC0-301F-11D3-BF4B-00C04F79EFBC}") = "TestConsole", "TestConsole\TestConsole.csproj", "{154548F8-28C1-4217-80B8-46A28D3409F4}"
EndProject
Global
	GlobalSection(SolutionConfigurationPlatforms) = preSolution
		Debug|Any CPU = Debug|Any CPU
		Release|Any CPU = Release|Any CPU
	EndGlobalSection
	GlobalSection(ProjectConfigurationPlatforms) = postSolution
		{097FDB04-3FBA-42BE-9ABD-BC5C36938887}.Debug|Any CPU.ActiveCfg = Debug|Any CPU
		{097FDB04-3FBA-42BE-9ABD-BC5C36938887}.Debug|Any CPU.Build.0 = Debug|Any CPU
		{097FDB04-3FBA-42BE-9ABD-BC5C36938887}.Release|Any CPU.ActiveCfg = Release|Any CPU
		{097FDB04-3FBA-42BE-9ABD-BC5C36938887}.Release|Any CPU.Build.0 = Release|Any CPU
		{757B9276-0AAC-4305-BC21-67B8EB20BF8C}.Debug|Any CPU.ActiveCfg = Debug|Any CPU
		{757B9276-0AAC-4305-BC21-67B8EB20BF8C}.Debug|Any CPU.Build.0 = Debug|Any CPU
		{757B9276-0AAC-4305-BC21-67B8EB20BF8C}.Release|Any CPU.ActiveCfg = Release|Any CPU
		{757B9276-0AAC-4305-BC21-67B8EB20BF8C}.Release|Any CPU.Build.0 = Release|Any CPU
		{DCAD8688-8E2B-4638-887B-AE6892CCDA18}.Debug|Any CPU.ActiveCfg = Debug|Any CPU
		{DCAD8688-8E2B-4638-887B-AE6892CCDA18}.Debug|Any CPU.Build.0 = Debug|Any CPU
		{DCAD8688-8E2B-4638-887B-AE6892CCDA18}.Release|Any CPU.ActiveCfg = Release|Any CPU
		{DCAD8688-8E2B-4638-887B-AE6892CCDA18}.Release|Any CPU.Build.0 = Release|Any CPU
		{154548F8-28C1-4217-80B8-46A28D3409F4}.Debug|Any CPU.ActiveCfg = Debug|Any CPU
		{154548F8-28C1-4217-80B8-46A28D3409F4}.Debug|Any CPU.Build.0 = Debug|Any CPU
		{154548F8-28C1-4217-80B8-46A28D3409F4}.Release|Any CPU.ActiveCfg = Release|Any CPU
		{154548F8-28C1-4217-80B8-46A28D3409F4}.Release|Any CPU.Build.0 = Release|Any CPU
	EndGlobalSection
	GlobalSection(SolutionProperties) = preSolution
		HideSolutionNode = FALSE
	EndGlobalSection
	GlobalSection(ExtensibilityGlobals) = postSolution
		SolutionGuid = {8F8B8B84-08A0-4C61-A279-C4E8BB60A25F}
	EndGlobalSection
EndGlobal
