
Microsoft Visual Studio Solution File, Format Version 12.00
# Visual Studio Version 16
VisualStudioVersion = 16.0.31402.337
MinimumVisualStudioVersion = 10.0.40219.1
Project("{FAE04EC0-301F-11D3-BF4B-00C04F79EFBC}") = "PRN211-OnlyFunds", "PRN211-OnlyFunds\PRN211-OnlyFunds.csproj", "{BD0E89F5-88CF-4649-AA71-580A6A0CCAF0}"
EndProject
Global
	GlobalSection(SolutionConfigurationPlatforms) = preSolution
		Debug|Any CPU = Debug|Any CPU
		Release|Any CPU = Release|Any CPU
	EndGlobalSection
	GlobalSection(ProjectConfigurationPlatforms) = postSolution
		{BD0E89F5-88CF-4649-AA71-580A6A0CCAF0}.Debug|Any CPU.ActiveCfg = Debug|Any CPU
		{BD0E89F5-88CF-4649-AA71-580A6A0CCAF0}.Debug|Any CPU.Build.0 = Debug|Any CPU
		{BD0E89F5-88CF-4649-AA71-580A6A0CCAF0}.Release|Any CPU.ActiveCfg = Release|Any CPU
		{BD0E89F5-88CF-4649-AA71-580A6A0CCAF0}.Release|Any CPU.Build.0 = Release|Any CPU
	EndGlobalSection
	GlobalSection(SolutionProperties) = preSolution
		HideSolutionNode = FALSE
	EndGlobalSection
	GlobalSection(ExtensibilityGlobals) = postSolution
		SolutionGuid = {A741D57A-9818-4916-A8C2-82C95D0B171D}
	EndGlobalSection
EndGlobal
