
Microsoft Visual Studio Solution File, Format Version 12.00
# Visual Studio Version 16
VisualStudioVersion = 16.0.31402.337
MinimumVisualStudioVersion = 10.0.40219.1
Project("{FAE04EC0-301F-11D3-BF4B-00C04F79EFBC}") = "FacultyAssemblies", "FacultyAssemblies\FacultyAssemblies.csproj", "{21A038A5-0778-4DE9-84D8-A1E40CF3FE95}"
EndProject
Project("{FAE04EC0-301F-11D3-BF4B-00C04F79EFBC}") = "WinFormApp", "WinFormApp\WinFormApp.csproj", "{BA2A6209-AC69-4F18-A0D7-A95E2DAC0C58}"
EndProject
Global
	GlobalSection(SolutionConfigurationPlatforms) = preSolution
		Debug|Any CPU = Debug|Any CPU
		Release|Any CPU = Release|Any CPU
	EndGlobalSection
	GlobalSection(ProjectConfigurationPlatforms) = postSolution
		{21A038A5-0778-4DE9-84D8-A1E40CF3FE95}.Debug|Any CPU.ActiveCfg = Debug|Any CPU
		{21A038A5-0778-4DE9-84D8-A1E40CF3FE95}.Debug|Any CPU.Build.0 = Debug|Any CPU
		{21A038A5-0778-4DE9-84D8-A1E40CF3FE95}.Release|Any CPU.ActiveCfg = Release|Any CPU
		{21A038A5-0778-4DE9-84D8-A1E40CF3FE95}.Release|Any CPU.Build.0 = Release|Any CPU
		{BA2A6209-AC69-4F18-A0D7-A95E2DAC0C58}.Debug|Any CPU.ActiveCfg = Debug|Any CPU
		{BA2A6209-AC69-4F18-A0D7-A95E2DAC0C58}.Debug|Any CPU.Build.0 = Debug|Any CPU
		{BA2A6209-AC69-4F18-A0D7-A95E2DAC0C58}.Release|Any CPU.ActiveCfg = Release|Any CPU
		{BA2A6209-AC69-4F18-A0D7-A95E2DAC0C58}.Release|Any CPU.Build.0 = Release|Any CPU
	EndGlobalSection
	GlobalSection(SolutionProperties) = preSolution
		HideSolutionNode = FALSE
	EndGlobalSection
	GlobalSection(ExtensibilityGlobals) = postSolution
		SolutionGuid = {8D7E29F7-246D-4EBF-AA74-A762B282C320}
	EndGlobalSection
EndGlobal
