
Microsoft Visual Studio Solution File, Format Version 12.00
# Visual Studio Version 16
VisualStudioVersion = 16.0.31402.337
MinimumVisualStudioVersion = 10.0.40219.1
Project("{9A19103F-16F7-4668-BE54-9A1E7A4F7556}") = "eStore", "eStore\eStore.csproj", "{5426983B-D696-42C4-81FB-4401491F5A66}"
EndProject
Project("{9A19103F-16F7-4668-BE54-9A1E7A4F7556}") = "BusinessObjects", "BusinessObjects\BusinessObjects.csproj", "{7ADFD19E-DA67-4702-AAA9-827D61C4E5B6}"
EndProject
Project("{9A19103F-16F7-4668-BE54-9A1E7A4F7556}") = "DataAccess", "DataAccess\DataAccess.csproj", "{28CD37C2-DF78-44BE-BCEC-CC1AE82B3D38}"
EndProject
Project("{FAE04EC0-301F-11D3-BF4B-00C04F79EFBC}") = "ConsoleApp1", "ConsoleApp1\ConsoleApp1.csproj", "{027EB6FE-2AF6-47A6-B49B-E64C9AC95657}"
EndProject
Global
	GlobalSection(SolutionConfigurationPlatforms) = preSolution
		Debug|Any CPU = Debug|Any CPU
		Release|Any CPU = Release|Any CPU
	EndGlobalSection
	GlobalSection(ProjectConfigurationPlatforms) = postSolution
		{5426983B-D696-42C4-81FB-4401491F5A66}.Debug|Any CPU.ActiveCfg = Debug|Any CPU
		{5426983B-D696-42C4-81FB-4401491F5A66}.Debug|Any CPU.Build.0 = Debug|Any CPU
		{5426983B-D696-42C4-81FB-4401491F5A66}.Release|Any CPU.ActiveCfg = Release|Any CPU
		{5426983B-D696-42C4-81FB-4401491F5A66}.Release|Any CPU.Build.0 = Release|Any CPU
		{7ADFD19E-DA67-4702-AAA9-827D61C4E5B6}.Debug|Any CPU.ActiveCfg = Debug|Any CPU
		{7ADFD19E-DA67-4702-AAA9-827D61C4E5B6}.Debug|Any CPU.Build.0 = Debug|Any CPU
		{7ADFD19E-DA67-4702-AAA9-827D61C4E5B6}.Release|Any CPU.ActiveCfg = Release|Any CPU
		{7ADFD19E-DA67-4702-AAA9-827D61C4E5B6}.Release|Any CPU.Build.0 = Release|Any CPU
		{28CD37C2-DF78-44BE-BCEC-CC1AE82B3D38}.Debug|Any CPU.ActiveCfg = Debug|Any CPU
		{28CD37C2-DF78-44BE-BCEC-CC1AE82B3D38}.Debug|Any CPU.Build.0 = Debug|Any CPU
		{28CD37C2-DF78-44BE-BCEC-CC1AE82B3D38}.Release|Any CPU.ActiveCfg = Release|Any CPU
		{28CD37C2-DF78-44BE-BCEC-CC1AE82B3D38}.Release|Any CPU.Build.0 = Release|Any CPU
		{027EB6FE-2AF6-47A6-B49B-E64C9AC95657}.Debug|Any CPU.ActiveCfg = Debug|Any CPU
		{027EB6FE-2AF6-47A6-B49B-E64C9AC95657}.Debug|Any CPU.Build.0 = Debug|Any CPU
		{027EB6FE-2AF6-47A6-B49B-E64C9AC95657}.Release|Any CPU.ActiveCfg = Release|Any CPU
		{027EB6FE-2AF6-47A6-B49B-E64C9AC95657}.Release|Any CPU.Build.0 = Release|Any CPU
	EndGlobalSection
	GlobalSection(SolutionProperties) = preSolution
		HideSolutionNode = FALSE
	EndGlobalSection
	GlobalSection(ExtensibilityGlobals) = postSolution
		SolutionGuid = {F05E2ECE-8FCF-4F8B-8E0B-9FE7DDC05465}
	EndGlobalSection
EndGlobal
